
Microsoft Visual Studio Solution File, Format Version 12.00
# Visual Studio Version 16
VisualStudioVersion = 16.0.29503.13
MinimumVisualStudioVersion = 10.0.40219.1
Project("{FAE04EC0-301F-11D3-BF4B-00C04F79EFBC}") = "PCAxis.Menu", "PCAxis.Menu\PCAxis.Menu.csproj", "{3BA08A94-7660-48BD-BB30-37486C0E2E77}"
EndProject
Project("{FAE04EC0-301F-11D3-BF4B-00C04F79EFBC}") = "PCAxis.Menu.UnitTest", "PCAxis.Menu.UnitTest\PCAxis.Menu.UnitTest.csproj", "{198F1752-282B-45EC-8D08-A3F57FAAB98E}"
EndProject
Global
	GlobalSection(SolutionConfigurationPlatforms) = preSolution
		Debug|Any CPU = Debug|Any CPU
		Release|Any CPU = Release|Any CPU
	EndGlobalSection
	GlobalSection(ProjectConfigurationPlatforms) = postSolution
		{3BA08A94-7660-48BD-BB30-37486C0E2E77}.Debug|Any CPU.ActiveCfg = Debug|Any CPU
		{3BA08A94-7660-48BD-BB30-37486C0E2E77}.Debug|Any CPU.Build.0 = Debug|Any CPU
		{3BA08A94-7660-48BD-BB30-37486C0E2E77}.Release|Any CPU.ActiveCfg = Release|Any CPU
		{3BA08A94-7660-48BD-BB30-37486C0E2E77}.Release|Any CPU.Build.0 = Release|Any CPU
		{198F1752-282B-45EC-8D08-A3F57FAAB98E}.Debug|Any CPU.ActiveCfg = Debug|Any CPU
		{198F1752-282B-45EC-8D08-A3F57FAAB98E}.Debug|Any CPU.Build.0 = Debug|Any CPU
		{198F1752-282B-45EC-8D08-A3F57FAAB98E}.Release|Any CPU.ActiveCfg = Release|Any CPU
		{198F1752-282B-45EC-8D08-A3F57FAAB98E}.Release|Any CPU.Build.0 = Release|Any CPU
	EndGlobalSection
	GlobalSection(SolutionProperties) = preSolution
		HideSolutionNode = FALSE
	EndGlobalSection
	GlobalSection(ExtensibilityGlobals) = postSolution
		SolutionGuid = {B6938A45-80F0-4616-B250-79D1DC33AA93}
	EndGlobalSection
EndGlobal
